// !$*UTF8*$!
{
	archiveVersion = 1;
	classes = {
	};
	objectVersion = 46;
	objects = {

/* Begin PBXBuildFile section */
		9F38CD3E1BC60A2F009A3EEF /* bg_image.png in Resources */ = {isa = PBXBuildFile; fileRef = 9F38CD3D1BC60A2F009A3EEF /* bg_image.png */; };
		9F38CD401BC60A34009A3EEF /* bg_image@3x.png in Resources */ = {isa = PBXBuildFile; fileRef = 9F38CD3F1BC60A34009A3EEF /* bg_image@3x.png */; };
		9F38CD421BC60A3B009A3EEF /* bg_image@2x.png in Resources */ = {isa = PBXBuildFile; fileRef = 9F38CD411BC60A3B009A3EEF /* bg_image@2x.png */; };
		9F38CD451BC60E3B009A3EEF /* user@2x.png in Resources */ = {isa = PBXBuildFile; fileRef = 9F38CD441BC60E3B009A3EEF /* user@2x.png */; };
		9F38CD471BC60E3F009A3EEF /* user@3x.png in Resources */ = {isa = PBXBuildFile; fileRef = 9F38CD461BC60E3F009A3EEF /* user@3x.png */; };
		9F38CD491BC60E42009A3EEF /* user.png in Resources */ = {isa = PBXBuildFile; fileRef = 9F38CD481BC60E42009A3EEF /* user.png */; };
		9F38CD4B1BC60ECF009A3EEF /* password@2x.png in Resources */ = {isa = PBXBuildFile; fileRef = 9F38CD4A1BC60ECF009A3EEF /* password@2x.png */; };
		9F38CD4D1BC60ED2009A3EEF /* password@3x.png in Resources */ = {isa = PBXBuildFile; fileRef = 9F38CD4C1BC60ED2009A3EEF /* password@3x.png */; };
		9F38CD4F1BC60ED7009A3EEF /* password.png in Resources */ = {isa = PBXBuildFile; fileRef = 9F38CD4E1BC60ED7009A3EEF /* password.png */; };
		9F38CD521BC6395E009A3EEF /* task.png in Resources */ = {isa = PBXBuildFile; fileRef = 9F38CD511BC6395E009A3EEF /* task.png */; };
		9F38CD541BC63962009A3EEF /* task@2x.png in Resources */ = {isa = PBXBuildFile; fileRef = 9F38CD531BC63962009A3EEF /* task@2x.png */; };
		9F38CD561BC63967009A3EEF /* task@3x.png in Resources */ = {isa = PBXBuildFile; fileRef = 9F38CD551BC63967009A3EEF /* task@3x.png */; };
		9F38CD581BC639E9009A3EEF /* message.png in Resources */ = {isa = PBXBuildFile; fileRef = 9F38CD571BC639E9009A3EEF /* message.png */; };
		9F38CD5A1BC639ED009A3EEF /* message@2x.png in Resources */ = {isa = PBXBuildFile; fileRef = 9F38CD591BC639ED009A3EEF /* message@2x.png */; };
		9F38CD5C1BC639F1009A3EEF /* message@3x.png in Resources */ = {isa = PBXBuildFile; fileRef = 9F38CD5B1BC639F1009A3EEF /* message@3x.png */; };
		9F38CD5E1BC63A4A009A3EEF /* data@3x.png in Resources */ = {isa = PBXBuildFile; fileRef = 9F38CD5D1BC63A4A009A3EEF /* data@3x.png */; };
		9F38CD601BC63A4D009A3EEF /* data.png in Resources */ = {isa = PBXBuildFile; fileRef = 9F38CD5F1BC63A4D009A3EEF /* data.png */; };
		9F38CD621BC63A50009A3EEF /* data@2x.png in Resources */ = {isa = PBXBuildFile; fileRef = 9F38CD611BC63A50009A3EEF /* data@2x.png */; };
		9F38CD641BC63A8C009A3EEF /* mine.png in Resources */ = {isa = PBXBuildFile; fileRef = 9F38CD631BC63A8C009A3EEF /* mine.png */; };
		9F38CD661BC63A8E009A3EEF /* mine@3x.png in Resources */ = {isa = PBXBuildFile; fileRef = 9F38CD651BC63A8E009A3EEF /* mine@3x.png */; };
		9F38CD681BC63A92009A3EEF /* mine@2x.png in Resources */ = {isa = PBXBuildFile; fileRef = 9F38CD671BC63A92009A3EEF /* mine@2x.png */; };
		9F38CD6A1BC64B7E009A3EEF /* TaskDetail.xib in Resources */ = {isa = PBXBuildFile; fileRef = 9F38CD691BC64B7E009A3EEF /* TaskDetail.xib */; };
		9F38CD6D1BC64B99009A3EEF /* TaskDetail.m in Sources */ = {isa = PBXBuildFile; fileRef = 9F38CD6C1BC64B99009A3EEF /* TaskDetail.m */; };
		9F38CD701BC64F3B009A3EEF /* UploadViewController.m in Sources */ = {isa = PBXBuildFile; fileRef = 9F38CD6F1BC64F3B009A3EEF /* UploadViewController.m */; };
		9F38CD721BC6605D009A3EEF /* list.png in Resources */ = {isa = PBXBuildFile; fileRef = 9F38CD711BC6605D009A3EEF /* list.png */; };
		9FD16CC21BBA6ECB0004F7FA /* main.m in Sources */ = {isa = PBXBuildFile; fileRef = 9FD16CC11BBA6ECB0004F7FA /* main.m */; };
		9FD16CC51BBA6ECB0004F7FA /* AppDelegate.m in Sources */ = {isa = PBXBuildFile; fileRef = 9FD16CC41BBA6ECB0004F7FA /* AppDelegate.m */; };
		9FD16CCE1BBA6ECB0004F7FA /* Main.storyboard in Resources */ = {isa = PBXBuildFile; fileRef = 9FD16CCC1BBA6ECB0004F7FA /* Main.storyboard */; };
		9FD16CD01BBA6ECB0004F7FA /* Images.xcassets in Resources */ = {isa = PBXBuildFile; fileRef = 9FD16CCF1BBA6ECB0004F7FA /* Images.xcassets */; };
		9FD16CDF1BBA6ECB0004F7FA /* SuZhouProjectTests.m in Sources */ = {isa = PBXBuildFile; fileRef = 9FD16CDE1BBA6ECB0004F7FA /* SuZhouProjectTests.m */; };
		9FD16CEA1BBA74AF0004F7FA /* NavViewController.m in Sources */ = {isa = PBXBuildFile; fileRef = 9FD16CE91BBA74AF0004F7FA /* NavViewController.m */; };
		9FD16CED1BBA74E30004F7FA /* RootViewController.m in Sources */ = {isa = PBXBuildFile; fileRef = 9FD16CEC1BBA74E30004F7FA /* RootViewController.m */; };
		9FD16CF01BBA752E0004F7FA /* FirstViewController.m in Sources */ = {isa = PBXBuildFile; fileRef = 9FD16CEF1BBA752E0004F7FA /* FirstViewController.m */; };
		9FD16CF31BBA75390004F7FA /* SecondViewController.m in Sources */ = {isa = PBXBuildFile; fileRef = 9FD16CF21BBA75390004F7FA /* SecondViewController.m */; };
		9FD16CF61BBA75E60004F7FA /* CustomTabBarController.m in Sources */ = {isa = PBXBuildFile; fileRef = 9FD16CF51BBA75E60004F7FA /* CustomTabBarController.m */; };
		9FD16CF91BBA769A0004F7FA /* LoginViewController.m in Sources */ = {isa = PBXBuildFile; fileRef = 9FD16CF81BBA769A0004F7FA /* LoginViewController.m */; };
		9FD16CFC1BBA76DE0004F7FA /* ChangePasswordController.m in Sources */ = {isa = PBXBuildFile; fileRef = 9FD16CFB1BBA76DE0004F7FA /* ChangePasswordController.m */; };
		9FD16D101BBBB7360004F7FA /* ThirdViewController.m in Sources */ = {isa = PBXBuildFile; fileRef = 9FD16D0F1BBBB7360004F7FA /* ThirdViewController.m */; };
		9FD16D131BBBB7550004F7FA /* ForthViewController.m in Sources */ = {isa = PBXBuildFile; fileRef = 9FD16D121BBBB7550004F7FA /* ForthViewController.m */; };
		9FD16D1C1BBBBA6C0004F7FA /* TaskCell.m in Sources */ = {isa = PBXBuildFile; fileRef = 9FD16D1B1BBBBA6C0004F7FA /* TaskCell.m */; };
		9FD16D1E1BBBBA7C0004F7FA /* TaskCell.xib in Resources */ = {isa = PBXBuildFile; fileRef = 9FD16D1D1BBBBA7C0004F7FA /* TaskCell.xib */; };
		9FD16D211BBBBF2C0004F7FA /* TaskDetailController.m in Sources */ = {isa = PBXBuildFile; fileRef = 9FD16D201BBBBF2C0004F7FA /* TaskDetailController.m */; };
		E61C4DD736D0924DB277F1A1 /* libPods.a in Frameworks */ = {isa = PBXBuildFile; fileRef = 65BED042795B2A491575352C /* libPods.a */; };
/* End PBXBuildFile section */

/* Begin PBXContainerItemProxy section */
		9FD16CD91BBA6ECB0004F7FA /* PBXContainerItemProxy */ = {
			isa = PBXContainerItemProxy;
			containerPortal = 9FD16CB41BBA6ECB0004F7FA /* Project object */;
			proxyType = 1;
			remoteGlobalIDString = 9FD16CBB1BBA6ECB0004F7FA;
			remoteInfo = SuZhouProject;
		};
/* End PBXContainerItemProxy section */

/* Begin PBXFileReference section */
		65BED042795B2A491575352C /* libPods.a */ = {isa = PBXFileReference; explicitFileType = archive.ar; includeInIndex = 0; path = libPods.a; sourceTree = BUILT_PRODUCTS_DIR; };
		9F38CD3D1BC60A2F009A3EEF /* bg_image.png */ = {isa = PBXFileReference; lastKnownFileType = image.png; path = bg_image.png; sourceTree = "<group>"; };
		9F38CD3F1BC60A34009A3EEF /* bg_image@3x.png */ = {isa = PBXFileReference; lastKnownFileType = image.png; path = "bg_image@3x.png"; sourceTree = "<group>"; };
		9F38CD411BC60A3B009A3EEF /* bg_image@2x.png */ = {isa = PBXFileReference; lastKnownFileType = image.png; path = "bg_image@2x.png"; sourceTree = "<group>"; };
		9F38CD441BC60E3B009A3EEF /* user@2x.png */ = {isa = PBXFileReference; lastKnownFileType = image.png; path = "user@2x.png"; sourceTree = "<group>"; };
		9F38CD461BC60E3F009A3EEF /* user@3x.png */ = {isa = PBXFileReference; lastKnownFileType = image.png; path = "user@3x.png"; sourceTree = "<group>"; };
		9F38CD481BC60E42009A3EEF /* user.png */ = {isa = PBXFileReference; lastKnownFileType = image.png; path = user.png; sourceTree = "<group>"; };
		9F38CD4A1BC60ECF009A3EEF /* password@2x.png */ = {isa = PBXFileReference; lastKnownFileType = image.png; path = "password@2x.png"; sourceTree = "<group>"; };
		9F38CD4C1BC60ED2009A3EEF /* password@3x.png */ = {isa = PBXFileReference; lastKnownFileType = image.png; path = "password@3x.png"; sourceTree = "<group>"; };
		9F38CD4E1BC60ED7009A3EEF /* password.png */ = {isa = PBXFileReference; lastKnownFileType = image.png; path = password.png; sourceTree = "<group>"; };
		9F38CD501BC611C4009A3EEF /* PrefixHeader.pch */ = {isa = PBXFileReference; lastKnownFileType = sourcecode.c.h; path = PrefixHeader.pch; sourceTree = "<group>"; };
		9F38CD511BC6395E009A3EEF /* task.png */ = {isa = PBXFileReference; lastKnownFileType = image.png; path = task.png; sourceTree = "<group>"; };
		9F38CD531BC63962009A3EEF /* task@2x.png */ = {isa = PBXFileReference; lastKnownFileType = image.png; path = "task@2x.png"; sourceTree = "<group>"; };
		9F38CD551BC63967009A3EEF /* task@3x.png */ = {isa = PBXFileReference; lastKnownFileType = image.png; path = "task@3x.png"; sourceTree = "<group>"; };
		9F38CD571BC639E9009A3EEF /* message.png */ = {isa = PBXFileReference; lastKnownFileType = image.png; path = message.png; sourceTree = "<group>"; };
		9F38CD591BC639ED009A3EEF /* message@2x.png */ = {isa = PBXFileReference; lastKnownFileType = image.png; path = "message@2x.png"; sourceTree = "<group>"; };
		9F38CD5B1BC639F1009A3EEF /* message@3x.png */ = {isa = PBXFileReference; lastKnownFileType = image.png; path = "message@3x.png"; sourceTree = "<group>"; };
		9F38CD5D1BC63A4A009A3EEF /* data@3x.png */ = {isa = PBXFileReference; lastKnownFileType = image.png; path = "data@3x.png"; sourceTree = "<group>"; };
		9F38CD5F1BC63A4D009A3EEF /* data.png */ = {isa = PBXFileReference; lastKnownFileType = image.png; path = data.png; sourceTree = "<group>"; };
		9F38CD611BC63A50009A3EEF /* data@2x.png */ = {isa = PBXFileReference; lastKnownFileType = image.png; path = "data@2x.png"; sourceTree = "<group>"; };
		9F38CD631BC63A8C009A3EEF /* mine.png */ = {isa = PBXFileReference; lastKnownFileType = image.png; path = mine.png; sourceTree = "<group>"; };
		9F38CD651BC63A8E009A3EEF /* mine@3x.png */ = {isa = PBXFileReference; lastKnownFileType = image.png; path = "mine@3x.png"; sourceTree = "<group>"; };
		9F38CD671BC63A92009A3EEF /* mine@2x.png */ = {isa = PBXFileReference; lastKnownFileType = image.png; path = "mine@2x.png"; sourceTree = "<group>"; };
		9F38CD691BC64B7E009A3EEF /* TaskDetail.xib */ = {isa = PBXFileReference; fileEncoding = 4; lastKnownFileType = file.xib; path = TaskDetail.xib; sourceTree = "<group>"; };
		9F38CD6B1BC64B99009A3EEF /* TaskDetail.h */ = {isa = PBXFileReference; fileEncoding = 4; lastKnownFileType = sourcecode.c.h; path = TaskDetail.h; sourceTree = "<group>"; };
		9F38CD6C1BC64B99009A3EEF /* TaskDetail.m */ = {isa = PBXFileReference; fileEncoding = 4; lastKnownFileType = sourcecode.c.objc; path = TaskDetail.m; sourceTree = "<group>"; };
		9F38CD6E1BC64F3B009A3EEF /* UploadViewController.h */ = {isa = PBXFileReference; fileEncoding = 4; lastKnownFileType = sourcecode.c.h; path = UploadViewController.h; sourceTree = "<group>"; };
		9F38CD6F1BC64F3B009A3EEF /* UploadViewController.m */ = {isa = PBXFileReference; fileEncoding = 4; lastKnownFileType = sourcecode.c.objc; path = UploadViewController.m; sourceTree = "<group>"; };
		9F38CD711BC6605D009A3EEF /* list.png */ = {isa = PBXFileReference; lastKnownFileType = image.png; path = list.png; sourceTree = "<group>"; };
		9FD16CBC1BBA6ECB0004F7FA /* SuZhouProject.app */ = {isa = PBXFileReference; explicitFileType = wrapper.application; includeInIndex = 0; path = SuZhouProject.app; sourceTree = BUILT_PRODUCTS_DIR; };
		9FD16CC01BBA6ECB0004F7FA /* Info.plist */ = {isa = PBXFileReference; lastKnownFileType = text.plist.xml; path = Info.plist; sourceTree = "<group>"; };
		9FD16CC11BBA6ECB0004F7FA /* main.m */ = {isa = PBXFileReference; lastKnownFileType = sourcecode.c.objc; path = main.m; sourceTree = "<group>"; };
		9FD16CC31BBA6ECB0004F7FA /* AppDelegate.h */ = {isa = PBXFileReference; lastKnownFileType = sourcecode.c.h; path = AppDelegate.h; sourceTree = "<group>"; };
		9FD16CC41BBA6ECB0004F7FA /* AppDelegate.m */ = {isa = PBXFileReference; lastKnownFileType = sourcecode.c.objc; path = AppDelegate.m; sourceTree = "<group>"; };
		9FD16CCD1BBA6ECB0004F7FA /* Base */ = {isa = PBXFileReference; lastKnownFileType = file.storyboard; name = Base; path = Base.lproj/Main.storyboard; sourceTree = "<group>"; };
		9FD16CCF1BBA6ECB0004F7FA /* Images.xcassets */ = {isa = PBXFileReference; lastKnownFileType = folder.assetcatalog; path = Images.xcassets; sourceTree = "<group>"; };
		9FD16CD81BBA6ECB0004F7FA /* SuZhouProjectTests.xctest */ = {isa = PBXFileReference; explicitFileType = wrapper.cfbundle; includeInIndex = 0; path = SuZhouProjectTests.xctest; sourceTree = BUILT_PRODUCTS_DIR; };
		9FD16CDD1BBA6ECB0004F7FA /* Info.plist */ = {isa = PBXFileReference; lastKnownFileType = text.plist.xml; path = Info.plist; sourceTree = "<group>"; };
		9FD16CDE1BBA6ECB0004F7FA /* SuZhouProjectTests.m */ = {isa = PBXFileReference; lastKnownFileType = sourcecode.c.objc; path = SuZhouProjectTests.m; sourceTree = "<group>"; };
		9FD16CE81BBA74AF0004F7FA /* NavViewController.h */ = {isa = PBXFileReference; fileEncoding = 4; lastKnownFileType = sourcecode.c.h; path = NavViewController.h; sourceTree = "<group>"; };
		9FD16CE91BBA74AF0004F7FA /* NavViewController.m */ = {isa = PBXFileReference; fileEncoding = 4; lastKnownFileType = sourcecode.c.objc; path = NavViewController.m; sourceTree = "<group>"; };
		9FD16CEB1BBA74E30004F7FA /* RootViewController.h */ = {isa = PBXFileReference; fileEncoding = 4; lastKnownFileType = sourcecode.c.h; path = RootViewController.h; sourceTree = "<group>"; };
		9FD16CEC1BBA74E30004F7FA /* RootViewController.m */ = {isa = PBXFileReference; fileEncoding = 4; lastKnownFileType = sourcecode.c.objc; path = RootViewController.m; sourceTree = "<group>"; };
		9FD16CEE1BBA752E0004F7FA /* FirstViewController.h */ = {isa = PBXFileReference; fileEncoding = 4; lastKnownFileType = sourcecode.c.h; path = FirstViewController.h; sourceTree = "<group>"; };
		9FD16CEF1BBA752E0004F7FA /* FirstViewController.m */ = {isa = PBXFileReference; fileEncoding = 4; lastKnownFileType = sourcecode.c.objc; path = FirstViewController.m; sourceTree = "<group>"; };
		9FD16CF11BBA75390004F7FA /* SecondViewController.h */ = {isa = PBXFileReference; fileEncoding = 4; lastKnownFileType = sourcecode.c.h; path = SecondViewController.h; sourceTree = "<group>"; };
		9FD16CF21BBA75390004F7FA /* SecondViewController.m */ = {isa = PBXFileReference; fileEncoding = 4; lastKnownFileType = sourcecode.c.objc; path = SecondViewController.m; sourceTree = "<group>"; };
		9FD16CF41BBA75E60004F7FA /* CustomTabBarController.h */ = {isa = PBXFileReference; fileEncoding = 4; lastKnownFileType = sourcecode.c.h; path = CustomTabBarController.h; sourceTree = "<group>"; };
		9FD16CF51BBA75E60004F7FA /* CustomTabBarController.m */ = {isa = PBXFileReference; fileEncoding = 4; lastKnownFileType = sourcecode.c.objc; path = CustomTabBarController.m; sourceTree = "<group>"; };
		9FD16CF71BBA769A0004F7FA /* LoginViewController.h */ = {isa = PBXFileReference; fileEncoding = 4; lastKnownFileType = sourcecode.c.h; path = LoginViewController.h; sourceTree = "<group>"; };
		9FD16CF81BBA769A0004F7FA /* LoginViewController.m */ = {isa = PBXFileReference; fileEncoding = 4; lastKnownFileType = sourcecode.c.objc; path = LoginViewController.m; sourceTree = "<group>"; };
		9FD16CFA1BBA76DE0004F7FA /* ChangePasswordController.h */ = {isa = PBXFileReference; fileEncoding = 4; lastKnownFileType = sourcecode.c.h; path = ChangePasswordController.h; sourceTree = "<group>"; };
		9FD16CFB1BBA76DE0004F7FA /* ChangePasswordController.m */ = {isa = PBXFileReference; fileEncoding = 4; lastKnownFileType = sourcecode.c.objc; path = ChangePasswordController.m; sourceTree = "<group>"; };
		9FD16D0E1BBBB7360004F7FA /* ThirdViewController.h */ = {isa = PBXFileReference; fileEncoding = 4; lastKnownFileType = sourcecode.c.h; path = ThirdViewController.h; sourceTree = "<group>"; };
		9FD16D0F1BBBB7360004F7FA /* ThirdViewController.m */ = {isa = PBXFileReference; fileEncoding = 4; lastKnownFileType = sourcecode.c.objc; path = ThirdViewController.m; sourceTree = "<group>"; };
		9FD16D111BBBB7550004F7FA /* ForthViewController.h */ = {isa = PBXFileReference; fileEncoding = 4; lastKnownFileType = sourcecode.c.h; path = ForthViewController.h; sourceTree = "<group>"; };
		9FD16D121BBBB7550004F7FA /* ForthViewController.m */ = {isa = PBXFileReference; fileEncoding = 4; lastKnownFileType = sourcecode.c.objc; path = ForthViewController.m; sourceTree = "<group>"; };
		9FD16D1A1BBBBA6C0004F7FA /* TaskCell.h */ = {isa = PBXFileReference; fileEncoding = 4; lastKnownFileType = sourcecode.c.h; path = TaskCell.h; sourceTree = "<group>"; };
		9FD16D1B1BBBBA6C0004F7FA /* TaskCell.m */ = {isa = PBXFileReference; fileEncoding = 4; lastKnownFileType = sourcecode.c.objc; path = TaskCell.m; sourceTree = "<group>"; };
		9FD16D1D1BBBBA7C0004F7FA /* TaskCell.xib */ = {isa = PBXFileReference; fileEncoding = 4; lastKnownFileType = file.xib; path = TaskCell.xib; sourceTree = "<group>"; };
		9FD16D1F1BBBBF2C0004F7FA /* TaskDetailController.h */ = {isa = PBXFileReference; fileEncoding = 4; lastKnownFileType = sourcecode.c.h; path = TaskDetailController.h; sourceTree = "<group>"; };
		9FD16D201BBBBF2C0004F7FA /* TaskDetailController.m */ = {isa = PBXFileReference; fileEncoding = 4; lastKnownFileType = sourcecode.c.objc; path = TaskDetailController.m; sourceTree = "<group>"; };
		DCEA0BB5ECCF9EA4855411E3 /* Pods.debug.xcconfig */ = {isa = PBXFileReference; includeInIndex = 1; lastKnownFileType = text.xcconfig; name = Pods.debug.xcconfig; path = "Pods/Target Support Files/Pods/Pods.debug.xcconfig"; sourceTree = "<group>"; };
		E79B0B490794D6F11F512556 /* Pods.release.xcconfig */ = {isa = PBXFileReference; includeInIndex = 1; lastKnownFileType = text.xcconfig; name = Pods.release.xcconfig; path = "Pods/Target Support Files/Pods/Pods.release.xcconfig"; sourceTree = "<group>"; };
/* End PBXFileReference section */

/* Begin PBXFrameworksBuildPhase section */
		9FD16CB91BBA6ECB0004F7FA /* Frameworks */ = {
			isa = PBXFrameworksBuildPhase;
			buildActionMask = 2147483647;
			files = (
				E61C4DD736D0924DB277F1A1 /* libPods.a in Frameworks */,
			);
			runOnlyForDeploymentPostprocessing = 0;
		};
		9FD16CD51BBA6ECB0004F7FA /* Frameworks */ = {
			isa = PBXFrameworksBuildPhase;
			buildActionMask = 2147483647;
			files = (
			);
			runOnlyForDeploymentPostprocessing = 0;
		};
/* End PBXFrameworksBuildPhase section */

/* Begin PBXGroup section */
		88CAE84D0DD51EC78D967947 /* Pods */ = {
			isa = PBXGroup;
			children = (
				DCEA0BB5ECCF9EA4855411E3 /* Pods.debug.xcconfig */,
				E79B0B490794D6F11F512556 /* Pods.release.xcconfig */,
			);
			name = Pods;
			sourceTree = "<group>";
		};
		9F38CD391BC60804009A3EEF /* image */ = {
			isa = PBXGroup;
			children = (
				9F38CD511BC6395E009A3EEF /* task.png */,
				9F38CD4E1BC60ED7009A3EEF /* password.png */,
				9F38CD631BC63A8C009A3EEF /* mine.png */,
				9F38CD711BC6605D009A3EEF /* list.png */,
				9F38CD571BC639E9009A3EEF /* message.png */,
				9F38CD5F1BC63A4D009A3EEF /* data.png */,
				9F38CD3D1BC60A2F009A3EEF /* bg_image.png */,
				9F38CD481BC60E42009A3EEF /* user.png */,
			);
			name = image;
			sourceTree = "<group>";
		};
		9F38CD3B1BC60817009A3EEF /* image@2x */ = {
			isa = PBXGroup;
			children = (
				9F38CD531BC63962009A3EEF /* task@2x.png */,
				9F38CD591BC639ED009A3EEF /* message@2x.png */,
				9F38CD611BC63A50009A3EEF /* data@2x.png */,
				9F38CD671BC63A92009A3EEF /* mine@2x.png */,
				9F38CD411BC60A3B009A3EEF /* bg_image@2x.png */,
				9F38CD4A1BC60ECF009A3EEF /* password@2x.png */,
				9F38CD441BC60E3B009A3EEF /* user@2x.png */,
			);
			name = "image@2x";
			sourceTree = "<group>";
		};
		9F38CD3C1BC6081E009A3EEF /* image@3x */ = {
			isa = PBXGroup;
			children = (
				9F38CD551BC63967009A3EEF /* task@3x.png */,
				9F38CD5B1BC639F1009A3EEF /* message@3x.png */,
				9F38CD651BC63A8E009A3EEF /* mine@3x.png */,
				9F38CD461BC60E3F009A3EEF /* user@3x.png */,
				9F38CD3F1BC60A34009A3EEF /* bg_image@3x.png */,
				9F38CD5D1BC63A4A009A3EEF /* data@3x.png */,
				9F38CD4C1BC60ED2009A3EEF /* password@3x.png */,
			);
			name = "image@3x";
			sourceTree = "<group>";
		};
		9FD16CB31BBA6ECB0004F7FA = {
			isa = PBXGroup;
			children = (
				9FD16CBE1BBA6ECB0004F7FA /* SuZhouProject */,
				9FD16CDB1BBA6ECB0004F7FA /* SuZhouProjectTests */,
				9FD16CBD1BBA6ECB0004F7FA /* Products */,
				88CAE84D0DD51EC78D967947 /* Pods */,
				A245CAABD7AB40E4A6C63C32 /* Frameworks */,
			);
			sourceTree = "<group>";
		};
		9FD16CBD1BBA6ECB0004F7FA /* Products */ = {
			isa = PBXGroup;
			children = (
				9FD16CBC1BBA6ECB0004F7FA /* SuZhouProject.app */,
				9FD16CD81BBA6ECB0004F7FA /* SuZhouProjectTests.xctest */,
			);
			name = Products;
			sourceTree = "<group>";
		};
		9FD16CBE1BBA6ECB0004F7FA /* SuZhouProject */ = {
			isa = PBXGroup;
			children = (
				9FD16CC31BBA6ECB0004F7FA /* AppDelegate.h */,
				9FD16CC41BBA6ECB0004F7FA /* AppDelegate.m */,
				9FD16CFD1BBA76E30004F7FA /* login */,
				9FD16D161BBBB7930004F7FA /* Task */,
				9FD16D141BBBB76B0004F7FA /* message */,
				9FD16D171BBBB7B00004F7FA /* Data */,
				9FD16D181BBBB7C60004F7FA /* mine */,
				9FD16CCC1BBA6ECB0004F7FA /* Main.storyboard */,
				9FD16CCF1BBA6ECB0004F7FA /* Images.xcassets */,
				9FD16CBF1BBA6ECB0004F7FA /* Supporting Files */,
				9FD16CE81BBA74AF0004F7FA /* NavViewController.h */,
				9FD16CE91BBA74AF0004F7FA /* NavViewController.m */,
				9FD16CEB1BBA74E30004F7FA /* RootViewController.h */,
				9FD16CEC1BBA74E30004F7FA /* RootViewController.m */,
				9FD16CF41BBA75E60004F7FA /* CustomTabBarController.h */,
				9FD16CF51BBA75E60004F7FA /* CustomTabBarController.m */,
				9F38CD3C1BC6081E009A3EEF /* image@3x */,
				9F38CD3B1BC60817009A3EEF /* image@2x */,
				9F38CD391BC60804009A3EEF /* image */,
			);
			path = SuZhouProject;
			sourceTree = "<group>";
		};
		9FD16CBF1BBA6ECB0004F7FA /* Supporting Files */ = {
			isa = PBXGroup;
			children = (
				9F38CD501BC611C4009A3EEF /* PrefixHeader.pch */,
				9FD16CC01BBA6ECB0004F7FA /* Info.plist */,
				9FD16CC11BBA6ECB0004F7FA /* main.m */,
			);
			name = "Supporting Files";
			sourceTree = "<group>";
		};
		9FD16CDB1BBA6ECB0004F7FA /* SuZhouProjectTests */ = {
			isa = PBXGroup;
			children = (
				9FD16CDC1BBA6ECB0004F7FA /* Supporting Files */,
				9FD16CDE1BBA6ECB0004F7FA /* SuZhouProjectTests.m */,
			);
			path = SuZhouProjectTests;
			sourceTree = "<group>";
		};
		9FD16CDC1BBA6ECB0004F7FA /* Supporting Files */ = {
			isa = PBXGroup;
			children = (
				9FD16CDD1BBA6ECB0004F7FA /* Info.plist */,
			);
			name = "Supporting Files";
			path = SuZhouProjectTests;
			sourceTree = SOURCE_ROOT;
		};
		9FD16CFD1BBA76E30004F7FA /* login */ = {
			isa = PBXGroup;
			children = (
				9FD16CF71BBA769A0004F7FA /* LoginViewController.h */,
				9FD16CF81BBA769A0004F7FA /* LoginViewController.m */,
				9FD16CFA1BBA76DE0004F7FA /* ChangePasswordController.h */,
				9FD16CFB1BBA76DE0004F7FA /* ChangePasswordController.m */,
			);
			name = login;
			sourceTree = "<group>";
		};
		9FD16D141BBBB76B0004F7FA /* message */ = {
			isa = PBXGroup;
			children = (
				9FD16CEE1BBA752E0004F7FA /* FirstViewController.h */,
				9FD16CEF1BBA752E0004F7FA /* FirstViewController.m */,
			);
			name = message;
			sourceTree = "<group>";
		};
		9FD16D161BBBB7930004F7FA /* Task */ = {
			isa = PBXGroup;
			children = (
				9FD16D191BBBBA430004F7FA /* CustomCell */,
				9FD16CF11BBA75390004F7FA /* SecondViewController.h */,
				9FD16CF21BBA75390004F7FA /* SecondViewController.m */,
				9FD16D1F1BBBBF2C0004F7FA /* TaskDetailController.h */,
				9FD16D201BBBBF2C0004F7FA /* TaskDetailController.m */,
				9F38CD6E1BC64F3B009A3EEF /* UploadViewController.h */,
				9F38CD6F1BC64F3B009A3EEF /* UploadViewController.m */,
			);
			name = Task;
			sourceTree = "<group>";
		};
		9FD16D171BBBB7B00004F7FA /* Data */ = {
			isa = PBXGroup;
			children = (
				9FD16D0E1BBBB7360004F7FA /* ThirdViewController.h */,
				9FD16D0F1BBBB7360004F7FA /* ThirdViewController.m */,
			);
			name = Data;
			sourceTree = "<group>";
		};
		9FD16D181BBBB7C60004F7FA /* mine */ = {
			isa = PBXGroup;
			children = (
				9FD16D111BBBB7550004F7FA /* ForthViewController.h */,
				9FD16D121BBBB7550004F7FA /* ForthViewController.m */,
			);
			name = mine;
			sourceTree = "<group>";
		};
		9FD16D191BBBBA430004F7FA /* CustomCell */ = {
			isa = PBXGroup;
			children = (
				9FD16D1A1BBBBA6C0004F7FA /* TaskCell.h */,
				9FD16D1B1BBBBA6C0004F7FA /* TaskCell.m */,
				9FD16D1D1BBBBA7C0004F7FA /* TaskCell.xib */,
				9F38CD691BC64B7E009A3EEF /* TaskDetail.xib */,
				9F38CD6B1BC64B99009A3EEF /* TaskDetail.h */,
				9F38CD6C1BC64B99009A3EEF /* TaskDetail.m */,
			);
			name = CustomCell;
			sourceTree = "<group>";
		};
		A245CAABD7AB40E4A6C63C32 /* Frameworks */ = {
			isa = PBXGroup;
			children = (
				65BED042795B2A491575352C /* libPods.a */,
			);
			name = Frameworks;
			sourceTree = "<group>";
		};
/* End PBXGroup section */

/* Begin PBXNativeTarget section */
		9FD16CBB1BBA6ECB0004F7FA /* SuZhouProject */ = {
			isa = PBXNativeTarget;
			buildConfigurationList = 9FD16CE21BBA6ECB0004F7FA /* Build configuration list for PBXNativeTarget "SuZhouProject" */;
			buildPhases = (
				4B9169E47D60232C88BB0562 /* Check Pods Manifest.lock */,
				9FD16CB81BBA6ECB0004F7FA /* Sources */,
				9FD16CB91BBA6ECB0004F7FA /* Frameworks */,
				9FD16CBA1BBA6ECB0004F7FA /* Resources */,
				7216A3DFB4E02B09973CD83F /* Copy Pods Resources */,
			);
			buildRules = (
			);
			dependencies = (
			);
			name = SuZhouProject;
			productName = SuZhouProject;
			productReference = 9FD16CBC1BBA6ECB0004F7FA /* SuZhouProject.app */;
			productType = "com.apple.product-type.application";
		};
		9FD16CD71BBA6ECB0004F7FA /* SuZhouProjectTests */ = {
			isa = PBXNativeTarget;
			buildConfigurationList = 9FD16CE51BBA6ECB0004F7FA /* Build configuration list for PBXNativeTarget "SuZhouProjectTests" */;
			buildPhases = (
				9FD16CD41BBA6ECB0004F7FA /* Sources */,
				9FD16CD51BBA6ECB0004F7FA /* Frameworks */,
				9FD16CD61BBA6ECB0004F7FA /* Resources */,
			);
			buildRules = (
			);
			dependencies = (
				9FD16CDA1BBA6ECB0004F7FA /* PBXTargetDependency */,
			);
			name = SuZhouProjectTests;
			productName = SuZhouProjectTests;
			productReference = 9FD16CD81BBA6ECB0004F7FA /* SuZhouProjectTests.xctest */;
			productType = "com.apple.product-type.bundle.unit-test";
		};
/* End PBXNativeTarget section */

/* Begin PBXProject section */
		9FD16CB41BBA6ECB0004F7FA /* Project object */ = {
			isa = PBXProject;
			attributes = {
				LastUpgradeCheck = 0640;
				ORGANIZATIONNAME = teddy;
				TargetAttributes = {
					9FD16CBB1BBA6ECB0004F7FA = {
						CreatedOnToolsVersion = 6.4;
					};
					9FD16CD71BBA6ECB0004F7FA = {
						CreatedOnToolsVersion = 6.4;
						TestTargetID = 9FD16CBB1BBA6ECB0004F7FA;
					};
				};
			};
			buildConfigurationList = 9FD16CB71BBA6ECB0004F7FA /* Build configuration list for PBXProject "SuZhouProject" */;
			compatibilityVersion = "Xcode 3.2";
			developmentRegion = English;
			hasScannedForEncodings = 0;
			knownRegions = (
				en,
				Base,
			);
			mainGroup = 9FD16CB31BBA6ECB0004F7FA;
			productRefGroup = 9FD16CBD1BBA6ECB0004F7FA /* Products */;
			projectDirPath = "";
			projectRoot = "";
			targets = (
				9FD16CBB1BBA6ECB0004F7FA /* SuZhouProject */,
				9FD16CD71BBA6ECB0004F7FA /* SuZhouProjectTests */,
			);
		};
/* End PBXProject section */

/* Begin PBXResourcesBuildPhase section */
		9FD16CBA1BBA6ECB0004F7FA /* Resources */ = {
			isa = PBXResourcesBuildPhase;
			buildActionMask = 2147483647;
			files = (
				9F38CD471BC60E3F009A3EEF /* user@3x.png in Resources */,
				9F38CD601BC63A4D009A3EEF /* data.png in Resources */,
				9F38CD5E1BC63A4A009A3EEF /* data@3x.png in Resources */,
				9F38CD521BC6395E009A3EEF /* task.png in Resources */,
				9F38CD4D1BC60ED2009A3EEF /* password@3x.png in Resources */,
				9F38CD581BC639E9009A3EEF /* message.png in Resources */,
				9F38CD621BC63A50009A3EEF /* data@2x.png in Resources */,
				9FD16D1E1BBBBA7C0004F7FA /* TaskCell.xib in Resources */,
				9F38CD491BC60E42009A3EEF /* user.png in Resources */,
				9F38CD541BC63962009A3EEF /* task@2x.png in Resources */,
				9F38CD561BC63967009A3EEF /* task@3x.png in Resources */,
				9FD16CCE1BBA6ECB0004F7FA /* Main.storyboard in Resources */,
				9F38CD3E1BC60A2F009A3EEF /* bg_image.png in Resources */,
				9F38CD4F1BC60ED7009A3EEF /* password.png in Resources */,
				9F38CD661BC63A8E009A3EEF /* mine@3x.png in Resources */,
				9F38CD641BC63A8C009A3EEF /* mine.png in Resources */,
				9F38CD5C1BC639F1009A3EEF /* message@3x.png in Resources */,
				9F38CD721BC6605D009A3EEF /* list.png in Resources */,
				9F38CD681BC63A92009A3EEF /* mine@2x.png in Resources */,
				9F38CD421BC60A3B009A3EEF /* bg_image@2x.png in Resources */,
				9F38CD451BC60E3B009A3EEF /* user@2x.png in Resources */,
				9FD16CD01BBA6ECB0004F7FA /* Images.xcassets in Resources */,
				9F38CD401BC60A34009A3EEF /* bg_image@3x.png in Resources */,
				9F38CD5A1BC639ED009A3EEF /* message@2x.png in Resources */,
				9F38CD6A1BC64B7E009A3EEF /* TaskDetail.xib in Resources */,
				9F38CD4B1BC60ECF009A3EEF /* password@2x.png in Resources */,
			);
			runOnlyForDeploymentPostprocessing = 0;
		};
		9FD16CD61BBA6ECB0004F7FA /* Resources */ = {
			isa = PBXResourcesBuildPhase;
			buildActionMask = 2147483647;
			files = (
			);
			runOnlyForDeploymentPostprocessing = 0;
		};
/* End PBXResourcesBuildPhase section */

/* Begin PBXShellScriptBuildPhase section */
		4B9169E47D60232C88BB0562 /* Check Pods Manifest.lock */ = {
			isa = PBXShellScriptBuildPhase;
			buildActionMask = 2147483647;
			files = (
			);
			inputPaths = (
			);
			name = "Check Pods Manifest.lock";
			outputPaths = (
			);
			runOnlyForDeploymentPostprocessing = 0;
			shellPath = /bin/sh;
			shellScript = "diff \"${PODS_ROOT}/../Podfile.lock\" \"${PODS_ROOT}/Manifest.lock\" > /dev/null\nif [[ $? != 0 ]] ; then\n    cat << EOM\nerror: The sandbox is not in sync with the Podfile.lock. Run 'pod install' or update your CocoaPods installation.\nEOM\n    exit 1\nfi\n";
			showEnvVarsInLog = 0;
		};
		7216A3DFB4E02B09973CD83F /* Copy Pods Resources */ = {
			isa = PBXShellScriptBuildPhase;
			buildActionMask = 2147483647;
			files = (
			);
			inputPaths = (
			);
			name = "Copy Pods Resources";
			outputPaths = (
			);
			runOnlyForDeploymentPostprocessing = 0;
			shellPath = /bin/sh;
			shellScript = "\"${SRCROOT}/Pods/Target Support Files/Pods/Pods-resources.sh\"\n";
			showEnvVarsInLog = 0;
		};
/* End PBXShellScriptBuildPhase section */

/* Begin PBXSourcesBuildPhase section */
		9FD16CB81BBA6ECB0004F7FA /* Sources */ = {
			isa = PBXSourcesBuildPhase;
			buildActionMask = 2147483647;
			files = (
				9FD16D1C1BBBBA6C0004F7FA /* TaskCell.m in Sources */,
				9FD16CF91BBA769A0004F7FA /* LoginViewController.m in Sources */,
				9FD16CF31BBA75390004F7FA /* SecondViewController.m in Sources */,
				9F38CD701BC64F3B009A3EEF /* UploadViewController.m in Sources */,
				9FD16CC51BBA6ECB0004F7FA /* AppDelegate.m in Sources */,
				9FD16CFC1BBA76DE0004F7FA /* ChangePasswordController.m in Sources */,
				9FD16CF61BBA75E60004F7FA /* CustomTabBarController.m in Sources */,
				9FD16CED1BBA74E30004F7FA /* RootViewController.m in Sources */,
				9FD16D211BBBBF2C0004F7FA /* TaskDetailController.m in Sources */,
				9FD16D101BBBB7360004F7FA /* ThirdViewController.m in Sources */,
				9FD16CF01BBA752E0004F7FA /* FirstViewController.m in Sources */,
				9FD16CC21BBA6ECB0004F7FA /* main.m in Sources */,
				9F38CD6D1BC64B99009A3EEF /* TaskDetail.m in Sources */,
				9FD16CEA1BBA74AF0004F7FA /* NavViewController.m in Sources */,
				9FD16D131BBBB7550004F7FA /* ForthViewController.m in Sources */,
			);
			runOnlyForDeploymentPostprocessing = 0;
		};
		9FD16CD41BBA6ECB0004F7FA /* Sources */ = {
			isa = PBXSourcesBuildPhase;
			buildActionMask = 2147483647;
			files = (
				9FD16CDF1BBA6ECB0004F7FA /* SuZhouProjectTests.m in Sources */,
			);
			runOnlyForDeploymentPostprocessing = 0;
		};
/* End PBXSourcesBuildPhase section */

/* Begin PBXTargetDependency section */
		9FD16CDA1BBA6ECB0004F7FA /* PBXTargetDependency */ = {
			isa = PBXTargetDependency;
			target = 9FD16CBB1BBA6ECB0004F7FA /* SuZhouProject */;
			targetProxy = 9FD16CD91BBA6ECB0004F7FA /* PBXContainerItemProxy */;
		};
/* End PBXTargetDependency section */

/* Begin PBXVariantGroup section */
		9FD16CCC1BBA6ECB0004F7FA /* Main.storyboard */ = {
			isa = PBXVariantGroup;
			children = (
				9FD16CCD1BBA6ECB0004F7FA /* Base */,
			);
			name = Main.storyboard;
			sourceTree = "<group>";
		};
/* End PBXVariantGroup section */

/* Begin XCBuildConfiguration section */
		9FD16CE01BBA6ECB0004F7FA /* Debug */ = {
			isa = XCBuildConfiguration;
			buildSettings = {
				ALWAYS_SEARCH_USER_PATHS = NO;
				CLANG_CXX_LANGUAGE_STANDARD = "gnu++0x";
				CLANG_CXX_LIBRARY = "libc++";
				CLANG_ENABLE_MODULES = YES;
				CLANG_ENABLE_OBJC_ARC = YES;
				CLANG_WARN_BOOL_CONVERSION = YES;
				CLANG_WARN_CONSTANT_CONVERSION = YES;
				CLANG_WARN_DIRECT_OBJC_ISA_USAGE = YES_ERROR;
				CLANG_WARN_EMPTY_BODY = YES;
				CLANG_WARN_ENUM_CONVERSION = YES;
				CLANG_WARN_INT_CONVERSION = YES;
				CLANG_WARN_OBJC_ROOT_CLASS = YES_ERROR;
				CLANG_WARN_UNREACHABLE_CODE = YES;
				CLANG_WARN__DUPLICATE_METHOD_MATCH = YES;
				"CODE_SIGN_IDENTITY[sdk=iphoneos*]" = "iPhone Developer";
				COPY_PHASE_STRIP = NO;
				DEBUG_INFORMATION_FORMAT = "dwarf-with-dsym";
				ENABLE_STRICT_OBJC_MSGSEND = YES;
				GCC_C_LANGUAGE_STANDARD = gnu99;
				GCC_DYNAMIC_NO_PIC = NO;
				GCC_NO_COMMON_BLOCKS = YES;
				GCC_OPTIMIZATION_LEVEL = 0;
				GCC_PREPROCESSOR_DEFINITIONS = (
					"DEBUG=1",
					"$(inherited)",
				);
				GCC_SYMBOLS_PRIVATE_EXTERN = NO;
				GCC_WARN_64_TO_32_BIT_CONVERSION = YES;
				GCC_WARN_ABOUT_RETURN_TYPE = YES_ERROR;
				GCC_WARN_UNDECLARED_SELECTOR = YES;
				GCC_WARN_UNINITIALIZED_AUTOS = YES_AGGRESSIVE;
				GCC_WARN_UNUSED_FUNCTION = YES;
				GCC_WARN_UNUSED_VARIABLE = YES;
				IPHONEOS_DEPLOYMENT_TARGET = 8.4;
				MTL_ENABLE_DEBUG_INFO = YES;
				ONLY_ACTIVE_ARCH = YES;
				SDKROOT = iphoneos;
			};
			name = Debug;
		};
		9FD16CE11BBA6ECB0004F7FA /* Release */ = {
			isa = XCBuildConfiguration;
			buildSettings = {
				ALWAYS_SEARCH_USER_PATHS = NO;
				CLANG_CXX_LANGUAGE_STANDARD = "gnu++0x";
				CLANG_CXX_LIBRARY = "libc++";
				CLANG_ENABLE_MODULES = YES;
				CLANG_ENABLE_OBJC_ARC = YES;
				CLANG_WARN_BOOL_CONVERSION = YES;
				CLANG_WARN_CONSTANT_CONVERSION = YES;
				CLANG_WARN_DIRECT_OBJC_ISA_USAGE = YES_ERROR;
				CLANG_WARN_EMPTY_BODY = YES;
				CLANG_WARN_ENUM_CONVERSION = YES;
				CLANG_WARN_INT_CONVERSION = YES;
				CLANG_WARN_OBJC_ROOT_CLASS = YES_ERROR;
				CLANG_WARN_UNREACHABLE_CODE = YES;
				CLANG_WARN__DUPLICATE_METHOD_MATCH = YES;
				"CODE_SIGN_IDENTITY[sdk=iphoneos*]" = "iPhone Developer";
				COPY_PHASE_STRIP = NO;
				DEBUG_INFORMATION_FORMAT = "dwarf-with-dsym";
				ENABLE_NS_ASSERTIONS = NO;
				ENABLE_STRICT_OBJC_MSGSEND = YES;
				GCC_C_LANGUAGE_STANDARD = gnu99;
				GCC_NO_COMMON_BLOCKS = YES;
				GCC_WARN_64_TO_32_BIT_CONVERSION = YES;
				GCC_WARN_ABOUT_RETURN_TYPE = YES_ERROR;
				GCC_WARN_UNDECLARED_SELECTOR = YES;
				GCC_WARN_UNINITIALIZED_AUTOS = YES_AGGRESSIVE;
				GCC_WARN_UNUSED_FUNCTION = YES;
				GCC_WARN_UNUSED_VARIABLE = YES;
				IPHONEOS_DEPLOYMENT_TARGET = 8.4;
				MTL_ENABLE_DEBUG_INFO = NO;
				SDKROOT = iphoneos;
				VALIDATE_PRODUCT = YES;
			};
			name = Release;
		};
		9FD16CE31BBA6ECB0004F7FA /* Debug */ = {
			isa = XCBuildConfiguration;
			baseConfigurationReference = DCEA0BB5ECCF9EA4855411E3 /* Pods.debug.xcconfig */;
			buildSettings = {
				ASSETCATALOG_COMPILER_APPICON_NAME = AppIcon;
				ASSETCATALOG_COMPILER_LAUNCHIMAGE_NAME = LaunchImage;
				GCC_INCREASE_PRECOMPILED_HEADER_SHARING = YES;
				GCC_PRECOMPILE_PREFIX_HEADER = YES;
				GCC_PREFIX_HEADER = "$(SRCROOT)/SuZhouProject/PrefixHeader.pch";
				INFOPLIST_FILE = SuZhouProject/Info.plist;
				IPHONEOS_DEPLOYMENT_TARGET = 7.0;
				LD_RUNPATH_SEARCH_PATHS = "$(inherited) @executable_path/Frameworks";
				PRODUCT_NAME = "$(TARGET_NAME)";
			};
			name = Debug;
		};
		9FD16CE41BBA6ECB0004F7FA /* Release */ = {
			isa = XCBuildConfiguration;
			baseConfigurationReference = E79B0B490794D6F11F512556 /* Pods.release.xcconfig */;
			buildSettings = {
				ASSETCATALOG_COMPILER_APPICON_NAME = AppIcon;
				ASSETCATALOG_COMPILER_LAUNCHIMAGE_NAME = LaunchImage;
				GCC_INCREASE_PRECOMPILED_HEADER_SHARING = YES;
				GCC_PRECOMPILE_PREFIX_HEADER = YES;
				GCC_PREFIX_HEADER = "$(SRCROOT)/SuZhouProject/PrefixHeader.pch";
				INFOPLIST_FILE = SuZhouProject/Info.plist;
				IPHONEOS_DEPLOYMENT_TARGET = 7.0;
				LD_RUNPATH_SEARCH_PATHS = "$(inherited) @executable_path/Frameworks";
				PRODUCT_NAME = "$(TARGET_NAME)";
			};
			name = Release;
		};
		9FD16CE61BBA6ECB0004F7FA /* Debug */ = {
			isa = XCBuildConfiguration;
			buildSettings = {
				BUNDLE_LOADER = "$(TEST_HOST)";
				FRAMEWORK_SEARCH_PATHS = (
					"$(SDKROOT)/Developer/Library/Frameworks",
					"$(inherited)",
				);
				GCC_PREPROCESSOR_DEFINITIONS = (
					"DEBUG=1",
					"$(inherited)",
				);
				INFOPLIST_FILE = SuZhouProjectTests/Info.plist;
				LD_RUNPATH_SEARCH_PATHS = "$(inherited) @executable_path/Frameworks @loader_path/Frameworks";
				PRODUCT_NAME = "$(TARGET_NAME)";
				TEST_HOST = "$(BUILT_PRODUCTS_DIR)/SuZhouProject.app/SuZhouProject";
			};
			name = Debug;
		};
		9FD16CE71BBA6ECB0004F7FA /* Release */ = {
			isa = XCBuildConfiguration;
			buildSettings = {
				BUNDLE_LOADER = "$(TEST_HOST)";
				FRAMEWORK_SEARCH_PATHS = (
					"$(SDKROOT)/Developer/Library/Frameworks",
					"$(inherited)",
				);
				INFOPLIST_FILE = SuZhouProjectTests/Info.plist;
				LD_RUNPATH_SEARCH_PATHS = "$(inherited) @executable_path/Frameworks @loader_path/Frameworks";
				PRODUCT_NAME = "$(TARGET_NAME)";
				TEST_HOST = "$(BUILT_PRODUCTS_DIR)/SuZhouProject.app/SuZhouProject";
			};
			name = Release;
		};
/* End XCBuildConfiguration section */

/* Begin XCConfigurationList section */
		9FD16CB71BBA6ECB0004F7FA /* Build configuration list for PBXProject "SuZhouProject" */ = {
			isa = XCConfigurationList;
			buildConfigurations = (
				9FD16CE01BBA6ECB0004F7FA /* Debug */,
				9FD16CE11BBA6ECB0004F7FA /* Release */,
			);
			defaultConfigurationIsVisible = 0;
			defaultConfigurationName = Release;
		};
		9FD16CE21BBA6ECB0004F7FA /* Build configuration list for PBXNativeTarget "SuZhouProject" */ = {
			isa = XCConfigurationList;
			buildConfigurations = (
				9FD16CE31BBA6ECB0004F7FA /* Debug */,
				9FD16CE41BBA6ECB0004F7FA /* Release */,
			);
			defaultConfigurationIsVisible = 0;
			defaultConfigurationName = Release;
		};
		9FD16CE51BBA6ECB0004F7FA /* Build configuration list for PBXNativeTarget "SuZhouProjectTests" */ = {
			isa = XCConfigurationList;
			buildConfigurations = (
				9FD16CE61BBA6ECB0004F7FA /* Debug */,
				9FD16CE71BBA6ECB0004F7FA /* Release */,
			);
			defaultConfigurationIsVisible = 0;
			defaultConfigurationName = Release;
		};
/* End XCConfigurationList section */
	};
	rootObject = 9FD16CB41BBA6ECB0004F7FA /* Project object */;
}
